
Microsoft Visual Studio Solution File, Format Version 12.00
# Visual Studio Version 17
VisualStudioVersion = 17.7.34024.191
MinimumVisualStudioVersion = 10.0.40219.1
Project("{FAE04EC0-301F-11D3-BF4B-00C04F79EFBC}") = "GetClimateAeC.Shared", "GetClimateAeC.Shared\GetClimateAeC.Shared.csproj", "{C002854F-286B-48D9-8A7B-CBCEA647B2E6}"
EndProject
Project("{00D1A9C2-B5F0-4AF3-8072-F6C62B433612}") = "GetClimateAeC.Database", "GetClimateAeC.Database\GetClimateAeC.Database.sqlproj", "{C3DE5D59-49B5-4A57-AEEF-8B4F19FDBCB2}"
EndProject
Project("{FAE04EC0-301F-11D3-BF4B-00C04F79EFBC}") = "GetClimateAeC.Server", "GetClimateAeC.Server\GetClimateAeC.Server.csproj", "{05A7C4FC-1C4C-41F6-8B62-ADF5565E9FAB}"
EndProject
Global
	GlobalSection(SolutionConfigurationPlatforms) = preSolution
		Debug|Any CPU = Debug|Any CPU
		Release|Any CPU = Release|Any CPU
	EndGlobalSection
	GlobalSection(ProjectConfigurationPlatforms) = postSolution
		{C002854F-286B-48D9-8A7B-CBCEA647B2E6}.Debug|Any CPU.ActiveCfg = Debug|Any CPU
		{C002854F-286B-48D9-8A7B-CBCEA647B2E6}.Debug|Any CPU.Build.0 = Debug|Any CPU
		{C002854F-286B-48D9-8A7B-CBCEA647B2E6}.Release|Any CPU.ActiveCfg = Release|Any CPU
		{C002854F-286B-48D9-8A7B-CBCEA647B2E6}.Release|Any CPU.Build.0 = Release|Any CPU
		{C3DE5D59-49B5-4A57-AEEF-8B4F19FDBCB2}.Debug|Any CPU.ActiveCfg = Debug|Any CPU
		{C3DE5D59-49B5-4A57-AEEF-8B4F19FDBCB2}.Debug|Any CPU.Build.0 = Debug|Any CPU
		{C3DE5D59-49B5-4A57-AEEF-8B4F19FDBCB2}.Debug|Any CPU.Deploy.0 = Debug|Any CPU
		{C3DE5D59-49B5-4A57-AEEF-8B4F19FDBCB2}.Release|Any CPU.ActiveCfg = Release|Any CPU
		{C3DE5D59-49B5-4A57-AEEF-8B4F19FDBCB2}.Release|Any CPU.Build.0 = Release|Any CPU
		{C3DE5D59-49B5-4A57-AEEF-8B4F19FDBCB2}.Release|Any CPU.Deploy.0 = Release|Any CPU
		{05A7C4FC-1C4C-41F6-8B62-ADF5565E9FAB}.Debug|Any CPU.ActiveCfg = Debug|Any CPU
		{05A7C4FC-1C4C-41F6-8B62-ADF5565E9FAB}.Debug|Any CPU.Build.0 = Debug|Any CPU
		{05A7C4FC-1C4C-41F6-8B62-ADF5565E9FAB}.Release|Any CPU.ActiveCfg = Release|Any CPU
		{05A7C4FC-1C4C-41F6-8B62-ADF5565E9FAB}.Release|Any CPU.Build.0 = Release|Any CPU
	EndGlobalSection
	GlobalSection(SolutionProperties) = preSolution
		HideSolutionNode = FALSE
	EndGlobalSection
	GlobalSection(ExtensibilityGlobals) = postSolution
		SolutionGuid = {E6AB7B27-F9D2-4CFC-82E2-5059C571EBE5}
	EndGlobalSection
EndGlobal
